
Microsoft Visual Studio Solution File, Format Version 12.00
Project("{FAE04EC0-301F-11D3-BF4B-00C04F79EFBC}") = "Cart.API", "Cart.API\Cart.API.csproj", "{BF60E244-332D-44FF-A18E-8090C028026E}"
EndProject
Global
	GlobalSection(SolutionConfigurationPlatforms) = preSolution
		Debug|Any CPU = Debug|Any CPU
		Release|Any CPU = Release|Any CPU
	EndGlobalSection
	GlobalSection(ProjectConfigurationPlatforms) = postSolution
		{BF60E244-332D-44FF-A18E-8090C028026E}.Debug|Any CPU.ActiveCfg = Debug|Any CPU
		{BF60E244-332D-44FF-A18E-8090C028026E}.Debug|Any CPU.Build.0 = Debug|Any CPU
		{BF60E244-332D-44FF-A18E-8090C028026E}.Release|Any CPU.ActiveCfg = Release|Any CPU
		{BF60E244-332D-44FF-A18E-8090C028026E}.Release|Any CPU.Build.0 = Release|Any CPU
	EndGlobalSection
EndGlobal
